
Microsoft Visual Studio Solution File, Format Version 12.00
# Visual Studio Version 17
VisualStudioVersion = 17.7.34024.191
MinimumVisualStudioVersion = 10.0.40219.1
Project("{9A19103F-16F7-4668-BE54-9A1E7A4F7556}") = "Wiki-App-Devel", "Wiki-App-Devel\Wiki-App-Devel.csproj", "{410EFAF2-5070-4440-B6BF-B0D6BD3691FF}"
EndProject
Project("{2150E333-8FDC-42A3-9474-1A3956D46DE8}") = "Solution Items", "Solution Items", "{3648CCF0-2ACD-44FE-8015-F6410076D097}"
	ProjectSection(SolutionItems) = preProject
		.editorconfig = .editorconfig
	EndProjectSection
EndProject
Global
	GlobalSection(SolutionConfigurationPlatforms) = preSolution
		Debug|Any CPU = Debug|Any CPU
		Release|Any CPU = Release|Any CPU
	EndGlobalSection
	GlobalSection(ProjectConfigurationPlatforms) = postSolution
		{410EFAF2-5070-4440-B6BF-B0D6BD3691FF}.Debug|Any CPU.ActiveCfg = Debug|Any CPU
		{410EFAF2-5070-4440-B6BF-B0D6BD3691FF}.Debug|Any CPU.Build.0 = Debug|Any CPU
		{410EFAF2-5070-4440-B6BF-B0D6BD3691FF}.Release|Any CPU.ActiveCfg = Release|Any CPU
		{410EFAF2-5070-4440-B6BF-B0D6BD3691FF}.Release|Any CPU.Build.0 = Release|Any CPU
	EndGlobalSection
	GlobalSection(SolutionProperties) = preSolution
		HideSolutionNode = FALSE
	EndGlobalSection
	GlobalSection(ExtensibilityGlobals) = postSolution
		SolutionGuid = {3C234ACE-6143-420F-96C2-08B62832E801}
	EndGlobalSection
EndGlobal
